// !$*UTF8*$!
{
	archiveVersion = 1;
	classes = {
	};
	objectVersion = 56;
	objects = {

/* Begin PBXBuildFile section */
		6FAE792C2B0383E1003E2780 /* AppDelegate.m in Sources */ = {isa = PBXBuildFile; fileRef = 6FAE792B2B0383E1003E2780 /* AppDelegate.m */; };
		6FAE792F2B0383E1003E2780 /* SceneDelegate.m in Sources */ = {isa = PBXBuildFile; fileRef = 6FAE792E2B0383E1003E2780 /* SceneDelegate.m */; };
		6FAE79322B0383E1003E2780 /* ViewController.m in Sources */ = {isa = PBXBuildFile; fileRef = 6FAE79312B0383E1003E2780 /* ViewController.m */; };
		6FAE79352B0383E1003E2780 /* Main.storyboard in Resources */ = {isa = PBXBuildFile; fileRef = 6FAE79332B0383E1003E2780 /* Main.storyboard */; };
		6FAE79372B0383E2003E2780 /* Assets.xcassets in Resources */ = {isa = PBXBuildFile; fileRef = 6FAE79362B0383E2003E2780 /* Assets.xcassets */; };
		6FAE793A2B0383E2003E2780 /* LaunchScreen.storyboard in Resources */ = {isa = PBXBuildFile; fileRef = 6FAE79382B0383E2003E2780 /* LaunchScreen.storyboard */; };
		6FAE793D2B0383E2003E2780 /* main.m in Sources */ = {isa = PBXBuildFile; fileRef = 6FAE793C2B0383E2003E2780 /* main.m */; };
		6FAE79472B0383E2003E2780 /* ios6Tests.m in Sources */ = {isa = PBXBuildFile; fileRef = 6FAE79462B0383E2003E2780 /* ios6Tests.m */; };
		6FAE79512B0383E2003E2780 /* ios6UITests.m in Sources */ = {isa = PBXBuildFile; fileRef = 6FAE79502B0383E2003E2780 /* ios6UITests.m */; };
		6FAE79532B0383E2003E2780 /* ios6UITestsLaunchTests.m in Sources */ = {isa = PBXBuildFile; fileRef = 6FAE79522B0383E2003E2780 /* ios6UITestsLaunchTests.m */; };
		6FAE79602B041E18003E2780 /* Localizable.strings in Resources */ = {isa = PBXBuildFile; fileRef = 6FAE795F2B041E18003E2780 /* Localizable.strings */; };
/* End PBXBuildFile section */

/* Begin PBXContainerItemProxy section */
		6FAE79432B0383E2003E2780 /* PBXContainerItemProxy */ = {
			isa = PBXContainerItemProxy;
			containerPortal = 6FAE791F2B0383E1003E2780 /* Project object */;
			proxyType = 1;
			remoteGlobalIDString = 6FAE79262B0383E1003E2780;
			remoteInfo = ios6;
		};
		6FAE794D2B0383E2003E2780 /* PBXContainerItemProxy */ = {
			isa = PBXContainerItemProxy;
			containerPortal = 6FAE791F2B0383E1003E2780 /* Project object */;
			proxyType = 1;
			remoteGlobalIDString = 6FAE79262B0383E1003E2780;
			remoteInfo = ios6;
		};
/* End PBXContainerItemProxy section */

/* Begin PBXFileReference section */
		6FAE79272B0383E1003E2780 /* ios6.app */ = {isa = PBXFileReference; explicitFileType = wrapper.application; includeInIndex = 0; path = ios6.app; sourceTree = BUILT_PRODUCTS_DIR; };
		6FAE792A2B0383E1003E2780 /* AppDelegate.h */ = {isa = PBXFileReference; lastKnownFileType = sourcecode.c.h; path = AppDelegate.h; sourceTree = "<group>"; };
		6FAE792B2B0383E1003E2780 /* AppDelegate.m */ = {isa = PBXFileReference; lastKnownFileType = sourcecode.c.objc; path = AppDelegate.m; sourceTree = "<group>"; };
		6FAE792D2B0383E1003E2780 /* SceneDelegate.h */ = {isa = PBXFileReference; lastKnownFileType = sourcecode.c.h; path = SceneDelegate.h; sourceTree = "<group>"; };
		6FAE792E2B0383E1003E2780 /* SceneDelegate.m */ = {isa = PBXFileReference; lastKnownFileType = sourcecode.c.objc; path = SceneDelegate.m; sourceTree = "<group>"; };
		6FAE79302B0383E1003E2780 /* ViewController.h */ = {isa = PBXFileReference; lastKnownFileType = sourcecode.c.h; path = ViewController.h; sourceTree = "<group>"; };
		6FAE79312B0383E1003E2780 /* ViewController.m */ = {isa = PBXFileReference; lastKnownFileType = sourcecode.c.objc; path = ViewController.m; sourceTree = "<group>"; };
		6FAE79342B0383E1003E2780 /* Base */ = {isa = PBXFileReference; lastKnownFileType = file.storyboard; name = Base; path = Base.lproj/Main.storyboard; sourceTree = "<group>"; };
		6FAE79362B0383E2003E2780 /* Assets.xcassets */ = {isa = PBXFileReference; lastKnownFileType = folder.assetcatalog; path = Assets.xcassets; sourceTree = "<group>"; };
		6FAE79392B0383E2003E2780 /* Base */ = {isa = PBXFileReference; lastKnownFileType = file.storyboard; name = Base; path = Base.lproj/LaunchScreen.storyboard; sourceTree = "<group>"; };
		6FAE793B2B0383E2003E2780 /* Info.plist */ = {isa = PBXFileReference; lastKnownFileType = text.plist.xml; path = Info.plist; sourceTree = "<group>"; };
		6FAE793C2B0383E2003E2780 /* main.m */ = {isa = PBXFileReference; lastKnownFileType = sourcecode.c.objc; path = main.m; sourceTree = "<group>"; };
		6FAE79422B0383E2003E2780 /* ios6Tests.xctest */ = {isa = PBXFileReference; explicitFileType = wrapper.cfbundle; includeInIndex = 0; path = ios6Tests.xctest; sourceTree = BUILT_PRODUCTS_DIR; };
		6FAE79462B0383E2003E2780 /* ios6Tests.m */ = {isa = PBXFileReference; lastKnownFileType = sourcecode.c.objc; path = ios6Tests.m; sourceTree = "<group>"; };
		6FAE794C2B0383E2003E2780 /* ios6UITests.xctest */ = {isa = PBXFileReference; explicitFileType = wrapper.cfbundle; includeInIndex = 0; path = ios6UITests.xctest; sourceTree = BUILT_PRODUCTS_DIR; };
		6FAE79502B0383E2003E2780 /* ios6UITests.m */ = {isa = PBXFileReference; lastKnownFileType = sourcecode.c.objc; path = ios6UITests.m; sourceTree = "<group>"; };
		6FAE79522B0383E2003E2780 /* ios6UITestsLaunchTests.m */ = {isa = PBXFileReference; lastKnownFileType = sourcecode.c.objc; path = ios6UITestsLaunchTests.m; sourceTree = "<group>"; };
		6FAE795F2B041E18003E2780 /* Localizable.strings */ = {isa = PBXFileReference; lastKnownFileType = text.plist.strings; path = Localizable.strings; sourceTree = "<group>"; };
		6FAE79612B041F79003E2780 /* pl */ = {isa = PBXFileReference; lastKnownFileType = text.plist.strings; name = pl; path = pl.lproj/Main.strings; sourceTree = "<group>"; };
		6FAE79622B041F79003E2780 /* pl */ = {isa = PBXFileReference; lastKnownFileType = text.plist.strings; name = pl; path = pl.lproj/LaunchScreen.strings; sourceTree = "<group>"; };
		6FAE79642B042A95003E2780 /* en */ = {isa = PBXFileReference; lastKnownFileType = text.plist.strings; name = en; path = en.lproj/Main.strings; sourceTree = "<group>"; };
		6FAE79662B042ADE003E2780 /* en */ = {isa = PBXFileReference; lastKnownFileType = text.plist.strings; name = en; path = en.lproj/LaunchScreen.strings; sourceTree = "<group>"; };
/* End PBXFileReference section */

/* Begin PBXFrameworksBuildPhase section */
		6FAE79242B0383E1003E2780 /* Frameworks */ = {
			isa = PBXFrameworksBuildPhase;
			buildActionMask = 2147483647;
			files = (
			);
			runOnlyForDeploymentPostprocessing = 0;
		};
		6FAE793F2B0383E2003E2780 /* Frameworks */ = {
			isa = PBXFrameworksBuildPhase;
			buildActionMask = 2147483647;
			files = (
			);
			runOnlyForDeploymentPostprocessing = 0;
		};
		6FAE79492B0383E2003E2780 /* Frameworks */ = {
			isa = PBXFrameworksBuildPhase;
			buildActionMask = 2147483647;
			files = (
			);
			runOnlyForDeploymentPostprocessing = 0;
		};
/* End PBXFrameworksBuildPhase section */

/* Begin PBXGroup section */
		6FAE791E2B0383E1003E2780 = {
			isa = PBXGroup;
			children = (
				6FAE79292B0383E1003E2780 /* ios6 */,
				6FAE79452B0383E2003E2780 /* ios6Tests */,
				6FAE794F2B0383E2003E2780 /* ios6UITests */,
				6FAE79282B0383E1003E2780 /* Products */,
			);
			sourceTree = "<group>";
		};
		6FAE79282B0383E1003E2780 /* Products */ = {
			isa = PBXGroup;
			children = (
				6FAE79272B0383E1003E2780 /* ios6.app */,
				6FAE79422B0383E2003E2780 /* ios6Tests.xctest */,
				6FAE794C2B0383E2003E2780 /* ios6UITests.xctest */,
			);
			name = Products;
			sourceTree = "<group>";
		};
		6FAE79292B0383E1003E2780 /* ios6 */ = {
			isa = PBXGroup;
			children = (
				6FAE792A2B0383E1003E2780 /* AppDelegate.h */,
				6FAE792B2B0383E1003E2780 /* AppDelegate.m */,
				6FAE792D2B0383E1003E2780 /* SceneDelegate.h */,
				6FAE792E2B0383E1003E2780 /* SceneDelegate.m */,
				6FAE79302B0383E1003E2780 /* ViewController.h */,
				6FAE79312B0383E1003E2780 /* ViewController.m */,
				6FAE79332B0383E1003E2780 /* Main.storyboard */,
				6FAE79362B0383E2003E2780 /* Assets.xcassets */,
				6FAE79382B0383E2003E2780 /* LaunchScreen.storyboard */,
				6FAE793B2B0383E2003E2780 /* Info.plist */,
				6FAE793C2B0383E2003E2780 /* main.m */,
				6FAE795F2B041E18003E2780 /* Localizable.strings */,
			);
			path = ios6;
			sourceTree = "<group>";
		};
		6FAE79452B0383E2003E2780 /* ios6Tests */ = {
			isa = PBXGroup;
			children = (
				6FAE79462B0383E2003E2780 /* ios6Tests.m */,
			);
			path = ios6Tests;
			sourceTree = "<group>";
		};
		6FAE794F2B0383E2003E2780 /* ios6UITests */ = {
			isa = PBXGroup;
			children = (
				6FAE79502B0383E2003E2780 /* ios6UITests.m */,
				6FAE79522B0383E2003E2780 /* ios6UITestsLaunchTests.m */,
			);
			path = ios6UITests;
			sourceTree = "<group>";
		};
/* End PBXGroup section */

/* Begin PBXNativeTarget section */
		6FAE79262B0383E1003E2780 /* ios6 */ = {
			isa = PBXNativeTarget;
			buildConfigurationList = 6FAE79562B0383E2003E2780 /* Build configuration list for PBXNativeTarget "ios6" */;
			buildPhases = (
				6FAE79232B0383E1003E2780 /* Sources */,
				6FAE79242B0383E1003E2780 /* Frameworks */,
				6FAE79252B0383E1003E2780 /* Resources */,
			);
			buildRules = (
			);
			dependencies = (
			);
			name = ios6;
			productName = ios6;
			productReference = 6FAE79272B0383E1003E2780 /* ios6.app */;
			productType = "com.apple.product-type.application";
		};
		6FAE79412B0383E2003E2780 /* ios6Tests */ = {
			isa = PBXNativeTarget;
			buildConfigurationList = 6FAE79592B0383E2003E2780 /* Build configuration list for PBXNativeTarget "ios6Tests" */;
			buildPhases = (
				6FAE793E2B0383E2003E2780 /* Sources */,
				6FAE793F2B0383E2003E2780 /* Frameworks */,
				6FAE79402B0383E2003E2780 /* Resources */,
			);
			buildRules = (
			);
			dependencies = (
				6FAE79442B0383E2003E2780 /* PBXTargetDependency */,
			);
			name = ios6Tests;
			productName = ios6Tests;
			productReference = 6FAE79422B0383E2003E2780 /* ios6Tests.xctest */;
			productType = "com.apple.product-type.bundle.unit-test";
		};
		6FAE794B2B0383E2003E2780 /* ios6UITests */ = {
			isa = PBXNativeTarget;
			buildConfigurationList = 6FAE795C2B0383E2003E2780 /* Build configuration list for PBXNativeTarget "ios6UITests" */;
			buildPhases = (
				6FAE79482B0383E2003E2780 /* Sources */,
				6FAE79492B0383E2003E2780 /* Frameworks */,
				6FAE794A2B0383E2003E2780 /* Resources */,
			);
			buildRules = (
			);
			dependencies = (
				6FAE794E2B0383E2003E2780 /* PBXTargetDependency */,
			);
			name = ios6UITests;
			productName = ios6UITests;
			productReference = 6FAE794C2B0383E2003E2780 /* ios6UITests.xctest */;
			productType = "com.apple.product-type.bundle.ui-testing";
		};
/* End PBXNativeTarget section */

/* Begin PBXProject section */
		6FAE791F2B0383E1003E2780 /* Project object */ = {
			isa = PBXProject;
			attributes = {
				BuildIndependentTargetsInParallel = 1;
				LastUpgradeCheck = 1430;
				TargetAttributes = {
					6FAE79262B0383E1003E2780 = {
						CreatedOnToolsVersion = 14.3.1;
					};
					6FAE79412B0383E2003E2780 = {
						CreatedOnToolsVersion = 14.3.1;
						TestTargetID = 6FAE79262B0383E1003E2780;
					};
					6FAE794B2B0383E2003E2780 = {
						CreatedOnToolsVersion = 14.3.1;
						TestTargetID = 6FAE79262B0383E1003E2780;
					};
				};
			};
			buildConfigurationList = 6FAE79222B0383E1003E2780 /* Build configuration list for PBXProject "ios6" */;
			compatibilityVersion = "Xcode 14.0";
			developmentRegion = en;
			hasScannedForEncodings = 0;
			knownRegions = (
				en,
				Base,
				pl,
			);
			mainGroup = 6FAE791E2B0383E1003E2780;
			productRefGroup = 6FAE79282B0383E1003E2780 /* Products */;
			projectDirPath = "";
			projectRoot = "";
			targets = (
				6FAE79262B0383E1003E2780 /* ios6 */,
				6FAE79412B0383E2003E2780 /* ios6Tests */,
				6FAE794B2B0383E2003E2780 /* ios6UITests */,
			);
		};
/* End PBXProject section */

/* Begin PBXResourcesBuildPhase section */
		6FAE79252B0383E1003E2780 /* Resources */ = {
			isa = PBXResourcesBuildPhase;
			buildActionMask = 2147483647;
			files = (
				6FAE793A2B0383E2003E2780 /* LaunchScreen.storyboard in Resources */,
				6FAE79602B041E18003E2780 /* Localizable.strings in Resources */,
				6FAE79372B0383E2003E2780 /* Assets.xcassets in Resources */,
				6FAE79352B0383E1003E2780 /* Main.storyboard in Resources */,
			);
			runOnlyForDeploymentPostprocessing = 0;
		};
		6FAE79402B0383E2003E2780 /* Resources */ = {
			isa = PBXResourcesBuildPhase;
			buildActionMask = 2147483647;
			files = (
			);
			runOnlyForDeploymentPostprocessing = 0;
		};
		6FAE794A2B0383E2003E2780 /* Resources */ = {
			isa = PBXResourcesBuildPhase;
			buildActionMask = 2147483647;
			files = (
			);
			runOnlyForDeploymentPostprocessing = 0;
		};
/* End PBXResourcesBuildPhase section */

/* Begin PBXSourcesBuildPhase section */
		6FAE79232B0383E1003E2780 /* Sources */ = {
			isa = PBXSourcesBuildPhase;
			buildActionMask = 2147483647;
			files = (
				6FAE79322B0383E1003E2780 /* ViewController.m in Sources */,
				6FAE792C2B0383E1003E2780 /* AppDelegate.m in Sources */,
				6FAE793D2B0383E2003E2780 /* main.m in Sources */,
				6FAE792F2B0383E1003E2780 /* SceneDelegate.m in Sources */,
			);
			runOnlyForDeploymentPostprocessing = 0;
		};
		6FAE793E2B0383E2003E2780 /* Sources */ = {
			isa = PBXSourcesBuildPhase;
			buildActionMask = 2147483647;
			files = (
				6FAE79472B0383E2003E2780 /* ios6Tests.m in Sources */,
			);
			runOnlyForDeploymentPostprocessing = 0;
		};
		6FAE79482B0383E2003E2780 /* Sources */ = {
			isa = PBXSourcesBuildPhase;
			buildActionMask = 2147483647;
			files = (
				6FAE79512B0383E2003E2780 /* ios6UITests.m in Sources */,
				6FAE79532B0383E2003E2780 /* ios6UITestsLaunchTests.m in Sources */,
			);
			runOnlyForDeploymentPostprocessing = 0;
		};
/* End PBXSourcesBuildPhase section */

/* Begin PBXTargetDependency section */
		6FAE79442B0383E2003E2780 /* PBXTargetDependency */ = {
			isa = PBXTargetDependency;
			target = 6FAE79262B0383E1003E2780 /* ios6 */;
			targetProxy = 6FAE79432B0383E2003E2780 /* PBXContainerItemProxy */;
		};
		6FAE794E2B0383E2003E2780 /* PBXTargetDependency */ = {
			isa = PBXTargetDependency;
			target = 6FAE79262B0383E1003E2780 /* ios6 */;
			targetProxy = 6FAE794D2B0383E2003E2780 /* PBXContainerItemProxy */;
		};
/* End PBXTargetDependency section */

/* Begin PBXVariantGroup section */
		6FAE79332B0383E1003E2780 /* Main.storyboard */ = {
			isa = PBXVariantGroup;
			children = (
				6FAE79342B0383E1003E2780 /* Base */,
				6FAE79612B041F79003E2780 /* pl */,
				6FAE79642B042A95003E2780 /* en */,
			);
			name = Main.storyboard;
			sourceTree = "<group>";
		};
		6FAE79382B0383E2003E2780 /* LaunchScreen.storyboard */ = {
			isa = PBXVariantGroup;
			children = (
				6FAE79392B0383E2003E2780 /* Base */,
				6FAE79622B041F79003E2780 /* pl */,
				6FAE79662B042ADE003E2780 /* en */,
			);
			name = LaunchScreen.storyboard;
			sourceTree = "<group>";
		};
/* End PBXVariantGroup section */

/* Begin XCBuildConfiguration section */
		6FAE79542B0383E2003E2780 /* Debug */ = {
			isa = XCBuildConfiguration;
			buildSettings = {
				ALWAYS_SEARCH_USER_PATHS = NO;
				CLANG_ANALYZER_LOCALIZABILITY_NONLOCALIZED = YES;
				CLANG_ANALYZER_NONNULL = YES;
				CLANG_ANALYZER_NUMBER_OBJECT_CONVERSION = YES_AGGRESSIVE;
				CLANG_CXX_LANGUAGE_STANDARD = "gnu++20";
				CLANG_ENABLE_MODULES = YES;
				CLANG_ENABLE_OBJC_ARC = YES;
				CLANG_ENABLE_OBJC_WEAK = YES;
				CLANG_WARN_BLOCK_CAPTURE_AUTORELEASING = YES;
				CLANG_WARN_BOOL_CONVERSION = YES;
				CLANG_WARN_COMMA = YES;
				CLANG_WARN_CONSTANT_CONVERSION = YES;
				CLANG_WARN_DEPRECATED_OBJC_IMPLEMENTATIONS = YES;
				CLANG_WARN_DIRECT_OBJC_ISA_USAGE = YES_ERROR;
				CLANG_WARN_DOCUMENTATION_COMMENTS = YES;
				CLANG_WARN_EMPTY_BODY = YES;
				CLANG_WARN_ENUM_CONVERSION = YES;
				CLANG_WARN_INFINITE_RECURSION = YES;
				CLANG_WARN_INT_CONVERSION = YES;
				CLANG_WARN_NON_LITERAL_NULL_CONVERSION = YES;
				CLANG_WARN_OBJC_IMPLICIT_RETAIN_SELF = YES;
				CLANG_WARN_OBJC_LITERAL_CONVERSION = YES;
				CLANG_WARN_OBJC_ROOT_CLASS = YES_ERROR;
				CLANG_WARN_QUOTED_INCLUDE_IN_FRAMEWORK_HEADER = YES;
				CLANG_WARN_RANGE_LOOP_ANALYSIS = YES;
				CLANG_WARN_STRICT_PROTOTYPES = YES;
				CLANG_WARN_SUSPICIOUS_MOVE = YES;
				CLANG_WARN_UNGUARDED_AVAILABILITY = YES_AGGRESSIVE;
				CLANG_WARN_UNREACHABLE_CODE = YES;
				CLANG_WARN__DUPLICATE_METHOD_MATCH = YES;
				COPY_PHASE_STRIP = NO;
				DEBUG_INFORMATION_FORMAT = dwarf;
				ENABLE_STRICT_OBJC_MSGSEND = YES;
				ENABLE_TESTABILITY = YES;
				GCC_C_LANGUAGE_STANDARD = gnu11;
				GCC_DYNAMIC_NO_PIC = NO;
				GCC_NO_COMMON_BLOCKS = YES;
				GCC_OPTIMIZATION_LEVEL = 0;
				GCC_PREPROCESSOR_DEFINITIONS = (
					"DEBUG=1",
					"$(inherited)",
				);
				GCC_WARN_64_TO_32_BIT_CONVERSION = YES;
				GCC_WARN_ABOUT_RETURN_TYPE = YES_ERROR;
				GCC_WARN_UNDECLARED_SELECTOR = YES;
				GCC_WARN_UNINITIALIZED_AUTOS = YES_AGGRESSIVE;
				GCC_WARN_UNUSED_FUNCTION = YES;
				GCC_WARN_UNUSED_VARIABLE = YES;
				IPHONEOS_DEPLOYMENT_TARGET = 16.4;
				MTL_ENABLE_DEBUG_INFO = INCLUDE_SOURCE;
				MTL_FAST_MATH = YES;
				ONLY_ACTIVE_ARCH = YES;
				SDKROOT = iphoneos;
			};
			name = Debug;
		};
		6FAE79552B0383E2003E2780 /* Release */ = {
			isa = XCBuildConfiguration;
			buildSettings = {
				ALWAYS_SEARCH_USER_PATHS = NO;
				CLANG_ANALYZER_LOCALIZABILITY_NONLOCALIZED = YES;
				CLANG_ANALYZER_NONNULL = YES;
				CLANG_ANALYZER_NUMBER_OBJECT_CONVERSION = YES_AGGRESSIVE;
				CLANG_CXX_LANGUAGE_STANDARD = "gnu++20";
				CLANG_ENABLE_MODULES = YES;
				CLANG_ENABLE_OBJC_ARC = YES;
				CLANG_ENABLE_OBJC_WEAK = YES;
				CLANG_WARN_BLOCK_CAPTURE_AUTORELEASING = YES;
				CLANG_WARN_BOOL_CONVERSION = YES;
				CLANG_WARN_COMMA = YES;
				CLANG_WARN_CONSTANT_CONVERSION = YES;
				CLANG_WARN_DEPRECATED_OBJC_IMPLEMENTATIONS = YES;
				CLANG_WARN_DIRECT_OBJC_ISA_USAGE = YES_ERROR;
				CLANG_WARN_DOCUMENTATION_COMMENTS = YES;
				CLANG_WARN_EMPTY_BODY = YES;
				CLANG_WARN_ENUM_CONVERSION = YES;
				CLANG_WARN_INFINITE_RECURSION = YES;
				CLANG_WARN_INT_CONVERSION = YES;
				CLANG_WARN_NON_LITERAL_NULL_CONVERSION = YES;
				CLANG_WARN_OBJC_IMPLICIT_RETAIN_SELF = YES;
				CLANG_WARN_OBJC_LITERAL_CONVERSION = YES;
				CLANG_WARN_OBJC_ROOT_CLASS = YES_ERROR;
				CLANG_WARN_QUOTED_INCLUDE_IN_FRAMEWORK_HEADER = YES;
				CLANG_WARN_RANGE_LOOP_ANALYSIS = YES;
				CLANG_WARN_STRICT_PROTOTYPES = YES;
				CLANG_WARN_SUSPICIOUS_MOVE = YES;
				CLANG_WARN_UNGUARDED_AVAILABILITY = YES_AGGRESSIVE;
				CLANG_WARN_UNREACHABLE_CODE = YES;
				CLANG_WARN__DUPLICATE_METHOD_MATCH = YES;
				COPY_PHASE_STRIP = NO;
				DEBUG_INFORMATION_FORMAT = "dwarf-with-dsym";
				ENABLE_NS_ASSERTIONS = NO;
				ENABLE_STRICT_OBJC_MSGSEND = YES;
				GCC_C_LANGUAGE_STANDARD = gnu11;
				GCC_NO_COMMON_BLOCKS = YES;
				GCC_WARN_64_TO_32_BIT_CONVERSION = YES;
				GCC_WARN_ABOUT_RETURN_TYPE = YES_ERROR;
				GCC_WARN_UNDECLARED_SELECTOR = YES;
				GCC_WARN_UNINITIALIZED_AUTOS = YES_AGGRESSIVE;
				GCC_WARN_UNUSED_FUNCTION = YES;
				GCC_WARN_UNUSED_VARIABLE = YES;
				IPHONEOS_DEPLOYMENT_TARGET = 16.4;
				MTL_ENABLE_DEBUG_INFO = NO;
				MTL_FAST_MATH = YES;
				SDKROOT = iphoneos;
				VALIDATE_PRODUCT = YES;
			};
			name = Release;
		};
		6FAE79572B0383E2003E2780 /* Debug */ = {
			isa = XCBuildConfiguration;
			buildSettings = {
				ASSETCATALOG_COMPILER_APPICON_NAME = AppIcon;
				ASSETCATALOG_COMPILER_GLOBAL_ACCENT_COLOR_NAME = AccentColor;
				CODE_SIGN_STYLE = Automatic;
				CURRENT_PROJECT_VERSION = 1;
				GENERATE_INFOPLIST_FILE = YES;
				INFOPLIST_FILE = ios6/Info.plist;
				INFOPLIST_KEY_UIApplicationSupportsIndirectInputEvents = YES;
				INFOPLIST_KEY_UILaunchStoryboardName = LaunchScreen;
				INFOPLIST_KEY_UIMainStoryboardFile = Main;
				INFOPLIST_KEY_UISupportedInterfaceOrientations_iPad = "UIInterfaceOrientationPortrait UIInterfaceOrientationPortraitUpsideDown UIInterfaceOrientationLandscapeLeft UIInterfaceOrientationLandscapeRight";
				INFOPLIST_KEY_UISupportedInterfaceOrientations_iPhone = "UIInterfaceOrientationPortrait UIInterfaceOrientationLandscapeLeft UIInterfaceOrientationLandscapeRight";
				LD_RUNPATH_SEARCH_PATHS = (
					"$(inherited)",
					"@executable_path/Frameworks",
				);
				MARKETING_VERSION = 1.0;
				PRODUCT_BUNDLE_IDENTIFIER = lukasz.ios6;
				PRODUCT_NAME = "$(TARGET_NAME)";
				SWIFT_EMIT_LOC_STRINGS = YES;
				TARGETED_DEVICE_FAMILY = "1,2";
			};
			name = Debug;
		};
		6FAE79582B0383E2003E2780 /* Release */ = {
			isa = XCBuildConfiguration;
			buildSettings = {
				ASSETCATALOG_COMPILER_APPICON_NAME = AppIcon;
				ASSETCATALOG_COMPILER_GLOBAL_ACCENT_COLOR_NAME = AccentColor;
				CODE_SIGN_STYLE = Automatic;
				CURRENT_PROJECT_VERSION = 1;
				GENERATE_INFOPLIST_FILE = YES;
				INFOPLIST_FILE = ios6/Info.plist;
				INFOPLIST_KEY_UIApplicationSupportsIndirectInputEvents = YES;
				INFOPLIST_KEY_UILaunchStoryboardName = LaunchScreen;
				INFOPLIST_KEY_UIMainStoryboardFile = Main;
				INFOPLIST_KEY_UISupportedInterfaceOrientations_iPad = "UIInterfaceOrientationPortrait UIInterfaceOrientationPortraitUpsideDown UIInterfaceOrientationLandscapeLeft UIInterfaceOrientationLandscapeRight";
				INFOPLIST_KEY_UISupportedInterfaceOrientations_iPhone = "UIInterfaceOrientationPortrait UIInterfaceOrientationLandscapeLeft UIInterfaceOrientationLandscapeRight";
				LD_RUNPATH_SEARCH_PATHS = (
					"$(inherited)",
					"@executable_path/Frameworks",
				);
				MARKETING_VERSION = 1.0;
				PRODUCT_BUNDLE_IDENTIFIER = lukasz.ios6;
				PRODUCT_NAME = "$(TARGET_NAME)";
				SWIFT_EMIT_LOC_STRINGS = YES;
				TARGETED_DEVICE_FAMILY = "1,2";
			};
			name = Release;
		};
		6FAE795A2B0383E2003E2780 /* Debug */ = {
			isa = XCBuildConfiguration;
			buildSettings = {
				BUNDLE_LOADER = "$(TEST_HOST)";
				CODE_SIGN_STYLE = Automatic;
				CURRENT_PROJECT_VERSION = 1;
				GENERATE_INFOPLIST_FILE = YES;
				IPHONEOS_DEPLOYMENT_TARGET = 16.4;
				MARKETING_VERSION = 1.0;
				PRODUCT_BUNDLE_IDENTIFIER = lukasz.ios6Tests;
				PRODUCT_NAME = "$(TARGET_NAME)";
				SWIFT_EMIT_LOC_STRINGS = NO;
				TARGETED_DEVICE_FAMILY = "1,2";
				TEST_HOST = "$(BUILT_PRODUCTS_DIR)/ios6.app/$(BUNDLE_EXECUTABLE_FOLDER_PATH)/ios6";
			};
			name = Debug;
		};
		6FAE795B2B0383E2003E2780 /* Release */ = {
			isa = XCBuildConfiguration;
			buildSettings = {
				BUNDLE_LOADER = "$(TEST_HOST)";
				CODE_SIGN_STYLE = Automatic;
				CURRENT_PROJECT_VERSION = 1;
				GENERATE_INFOPLIST_FILE = YES;
				IPHONEOS_DEPLOYMENT_TARGET = 16.4;
				MARKETING_VERSION = 1.0;
				PRODUCT_BUNDLE_IDENTIFIER = lukasz.ios6Tests;
				PRODUCT_NAME = "$(TARGET_NAME)";
				SWIFT_EMIT_LOC_STRINGS = NO;
				TARGETED_DEVICE_FAMILY = "1,2";
				TEST_HOST = "$(BUILT_PRODUCTS_DIR)/ios6.app/$(BUNDLE_EXECUTABLE_FOLDER_PATH)/ios6";
			};
			name = Release;
		};
		6FAE795D2B0383E2003E2780 /* Debug */ = {
			isa = XCBuildConfiguration;
			buildSettings = {
				CODE_SIGN_STYLE = Automatic;
				CURRENT_PROJECT_VERSION = 1;
				GENERATE_INFOPLIST_FILE = YES;
				MARKETING_VERSION = 1.0;
				PRODUCT_BUNDLE_IDENTIFIER = lukasz.ios6UITests;
				PRODUCT_NAME = "$(TARGET_NAME)";
				SWIFT_EMIT_LOC_STRINGS = NO;
				TARGETED_DEVICE_FAMILY = "1,2";
				TEST_TARGET_NAME = ios6;
			};
			name = Debug;
		};
		6FAE795E2B0383E2003E2780 /* Release */ = {
			isa = XCBuildConfiguration;
			buildSettings = {
				CODE_SIGN_STYLE = Automatic;
				CURRENT_PROJECT_VERSION = 1;
				GENERATE_INFOPLIST_FILE = YES;
				MARKETING_VERSION = 1.0;
				PRODUCT_BUNDLE_IDENTIFIER = lukasz.ios6UITests;
				PRODUCT_NAME = "$(TARGET_NAME)";
				SWIFT_EMIT_LOC_STRINGS = NO;
				TARGETED_DEVICE_FAMILY = "1,2";
				TEST_TARGET_NAME = ios6;
			};
			name = Release;
		};
/* End XCBuildConfiguration section */

/* Begin XCConfigurationList section */
		6FAE79222B0383E1003E2780 /* Build configuration list for PBXProject "ios6" */ = {
			isa = XCConfigurationList;
			buildConfigurations = (
				6FAE79542B0383E2003E2780 /* Debug */,
				6FAE79552B0383E2003E2780 /* Release */,
			);
			defaultConfigurationIsVisible = 0;
			defaultConfigurationName = Release;
		};
		6FAE79562B0383E2003E2780 /* Build configuration list for PBXNativeTarget "ios6" */ = {
			isa = XCConfigurationList;
			buildConfigurations = (
				6FAE79572B0383E2003E2780 /* Debug */,
				6FAE79582B0383E2003E2780 /* Release */,
			);
			defaultConfigurationIsVisible = 0;
			defaultConfigurationName = Release;
		};
		6FAE79592B0383E2003E2780 /* Build configuration list for PBXNativeTarget "ios6Tests" */ = {
			isa = XCConfigurationList;
			buildConfigurations = (
				6FAE795A2B0383E2003E2780 /* Debug */,
				6FAE795B2B0383E2003E2780 /* Release */,
			);
			defaultConfigurationIsVisible = 0;
			defaultConfigurationName = Release;
		};
		6FAE795C2B0383E2003E2780 /* Build configuration list for PBXNativeTarget "ios6UITests" */ = {
			isa = XCConfigurationList;
			buildConfigurations = (
				6FAE795D2B0383E2003E2780 /* Debug */,
				6FAE795E2B0383E2003E2780 /* Release */,
			);
			defaultConfigurationIsVisible = 0;
			defaultConfigurationName = Release;
		};
/* End XCConfigurationList section */
	};
	rootObject = 6FAE791F2B0383E1003E2780 /* Project object */;
}
